// !$*UTF8*$!
{
	archiveVersion = 1;
	classes = {
	};
	objectVersion = 46;
	objects = {

/* Begin PBXBuildFile section */
		40996EBAD95DFBF6C8CB2DDF /* Pods_Reviewer.framework in Frameworks */ = {isa = PBXBuildFile; fileRef = 195D67E6D464E3720FE75CC7 /* Pods_Reviewer.framework */; };
		58325CF7F604A9EFF1ED6FA4 /* Pods_ReviewerTests.framework in Frameworks */ = {isa = PBXBuildFile; fileRef = B6D209FD66ABD993525616EE /* Pods_ReviewerTests.framework */; };
		C0CF0C6F1CFE296100F4E9C5 /* Reviewer.h in Headers */ = {isa = PBXBuildFile; fileRef = C0CF0C6E1CFE296100F4E9C5 /* Reviewer.h */; settings = {ATTRIBUTES = (Public, ); }; };
		C0CF0C761CFE296100F4E9C5 /* Reviewer.framework in Frameworks */ = {isa = PBXBuildFile; fileRef = C0CF0C6B1CFE296100F4E9C5 /* Reviewer.framework */; };
		C0CF0C7B1CFE296100F4E9C5 /* ReviewerTests.swift in Sources */ = {isa = PBXBuildFile; fileRef = C0CF0C7A1CFE296100F4E9C5 /* ReviewerTests.swift */; };
/* End PBXBuildFile section */

/* Begin PBXContainerItemProxy section */
		C0CF0C771CFE296100F4E9C5 /* PBXContainerItemProxy */ = {
			isa = PBXContainerItemProxy;
			containerPortal = C0CF0C621CFE296100F4E9C5 /* Project object */;
			proxyType = 1;
			remoteGlobalIDString = C0CF0C6A1CFE296100F4E9C5;
			remoteInfo = Reviewer;
		};
/* End PBXContainerItemProxy section */

/* Begin PBXFileReference section */
		0356FF04E3168633E1F22CFB /* Pods-Reviewer.debug.xcconfig */ = {isa = PBXFileReference; includeInIndex = 1; lastKnownFileType = text.xcconfig; name = "Pods-Reviewer.debug.xcconfig"; path = "Pods/Target Support Files/Pods-Reviewer/Pods-Reviewer.debug.xcconfig"; sourceTree = "<group>"; };
		195D67E6D464E3720FE75CC7 /* Pods_Reviewer.framework */ = {isa = PBXFileReference; explicitFileType = wrapper.framework; includeInIndex = 0; path = Pods_Reviewer.framework; sourceTree = BUILT_PRODUCTS_DIR; };
		45970E3B5DD70DDB8615D417 /* Pods-ReviewerTests.release.xcconfig */ = {isa = PBXFileReference; includeInIndex = 1; lastKnownFileType = text.xcconfig; name = "Pods-ReviewerTests.release.xcconfig"; path = "Pods/Target Support Files/Pods-ReviewerTests/Pods-ReviewerTests.release.xcconfig"; sourceTree = "<group>"; };
		5C87771F81E62D71EC46A13E /* Pods-Reviewer.release.xcconfig */ = {isa = PBXFileReference; includeInIndex = 1; lastKnownFileType = text.xcconfig; name = "Pods-Reviewer.release.xcconfig"; path = "Pods/Target Support Files/Pods-Reviewer/Pods-Reviewer.release.xcconfig"; sourceTree = "<group>"; };
		74B3451E0FC870ADDED41007 /* Pods-ReviewerTests.debug.xcconfig */ = {isa = PBXFileReference; includeInIndex = 1; lastKnownFileType = text.xcconfig; name = "Pods-ReviewerTests.debug.xcconfig"; path = "Pods/Target Support Files/Pods-ReviewerTests/Pods-ReviewerTests.debug.xcconfig"; sourceTree = "<group>"; };
		B6D209FD66ABD993525616EE /* Pods_ReviewerTests.framework */ = {isa = PBXFileReference; explicitFileType = wrapper.framework; includeInIndex = 0; path = Pods_ReviewerTests.framework; sourceTree = BUILT_PRODUCTS_DIR; };
		C0CF0C6B1CFE296100F4E9C5 /* Reviewer.framework */ = {isa = PBXFileReference; explicitFileType = wrapper.framework; includeInIndex = 0; path = Reviewer.framework; sourceTree = BUILT_PRODUCTS_DIR; };
		C0CF0C6E1CFE296100F4E9C5 /* Reviewer.h */ = {isa = PBXFileReference; lastKnownFileType = sourcecode.c.h; path = Reviewer.h; sourceTree = "<group>"; };
		C0CF0C701CFE296100F4E9C5 /* Info.plist */ = {isa = PBXFileReference; lastKnownFileType = text.plist.xml; path = Info.plist; sourceTree = "<group>"; };
		C0CF0C751CFE296100F4E9C5 /* ReviewerTests.xctest */ = {isa = PBXFileReference; explicitFileType = wrapper.cfbundle; includeInIndex = 0; path = ReviewerTests.xctest; sourceTree = BUILT_PRODUCTS_DIR; };
		C0CF0C7A1CFE296100F4E9C5 /* ReviewerTests.swift */ = {isa = PBXFileReference; lastKnownFileType = sourcecode.swift; path = ReviewerTests.swift; sourceTree = "<group>"; };
		C0CF0C7C1CFE296100F4E9C5 /* Info.plist */ = {isa = PBXFileReference; lastKnownFileType = text.plist.xml; path = Info.plist; sourceTree = "<group>"; };
/* End PBXFileReference section */

/* Begin PBXFrameworksBuildPhase section */
		C0CF0C671CFE296100F4E9C5 /* Frameworks */ = {
			isa = PBXFrameworksBuildPhase;
			buildActionMask = 2147483647;
			files = (
				40996EBAD95DFBF6C8CB2DDF /* Pods_Reviewer.framework in Frameworks */,
			);
			runOnlyForDeploymentPostprocessing = 0;
		};
		C0CF0C721CFE296100F4E9C5 /* Frameworks */ = {
			isa = PBXFrameworksBuildPhase;
			buildActionMask = 2147483647;
			files = (
				C0CF0C761CFE296100F4E9C5 /* Reviewer.framework in Frameworks */,
				58325CF7F604A9EFF1ED6FA4 /* Pods_ReviewerTests.framework in Frameworks */,
			);
			runOnlyForDeploymentPostprocessing = 0;
		};
/* End PBXFrameworksBuildPhase section */

/* Begin PBXGroup section */
		1336DD4A939B89C3F7F471BC /* Pods */ = {
			isa = PBXGroup;
			children = (
				0356FF04E3168633E1F22CFB /* Pods-Reviewer.debug.xcconfig */,
				5C87771F81E62D71EC46A13E /* Pods-Reviewer.release.xcconfig */,
				74B3451E0FC870ADDED41007 /* Pods-ReviewerTests.debug.xcconfig */,
				45970E3B5DD70DDB8615D417 /* Pods-ReviewerTests.release.xcconfig */,
			);
			name = Pods;
			sourceTree = "<group>";
		};
		98EF9EC47F5029485F78F41A /* Frameworks */ = {
			isa = PBXGroup;
			children = (
				195D67E6D464E3720FE75CC7 /* Pods_Reviewer.framework */,
				B6D209FD66ABD993525616EE /* Pods_ReviewerTests.framework */,
			);
			name = Frameworks;
			sourceTree = "<group>";
		};
		C0CF0C611CFE296100F4E9C5 = {
			isa = PBXGroup;
			children = (
				C0CF0C6D1CFE296100F4E9C5 /* Reviewer */,
				C0CF0C791CFE296100F4E9C5 /* ReviewerTests */,
				C0CF0C6C1CFE296100F4E9C5 /* Products */,
				1336DD4A939B89C3F7F471BC /* Pods */,
				98EF9EC47F5029485F78F41A /* Frameworks */,
			);
			sourceTree = "<group>";
		};
		C0CF0C6C1CFE296100F4E9C5 /* Products */ = {
			isa = PBXGroup;
			children = (
				C0CF0C6B1CFE296100F4E9C5 /* Reviewer.framework */,
				C0CF0C751CFE296100F4E9C5 /* ReviewerTests.xctest */,
			);
			name = Products;
			sourceTree = "<group>";
		};
		C0CF0C6D1CFE296100F4E9C5 /* Reviewer */ = {
			isa = PBXGroup;
			children = (
				C0CF0C6E1CFE296100F4E9C5 /* Reviewer.h */,
				C0CF0C701CFE296100F4E9C5 /* Info.plist */,
			);
			path = Reviewer;
			sourceTree = "<group>";
		};
		C0CF0C791CFE296100F4E9C5 /* ReviewerTests */ = {
			isa = PBXGroup;
			children = (
				C0CF0C7A1CFE296100F4E9C5 /* ReviewerTests.swift */,
				C0CF0C7C1CFE296100F4E9C5 /* Info.plist */,
			);
			path = ReviewerTests;
			sourceTree = "<group>";
		};
/* End PBXGroup section */

/* Begin PBXHeadersBuildPhase section */
		C0CF0C681CFE296100F4E9C5 /* Headers */ = {
			isa = PBXHeadersBuildPhase;
			buildActionMask = 2147483647;
			files = (
				C0CF0C6F1CFE296100F4E9C5 /* Reviewer.h in Headers */,
			);
			runOnlyForDeploymentPostprocessing = 0;
		};
/* End PBXHeadersBuildPhase section */

/* Begin PBXNativeTarget section */
		C0CF0C6A1CFE296100F4E9C5 /* Reviewer */ = {
			isa = PBXNativeTarget;
			buildConfigurationList = C0CF0C7F1CFE296200F4E9C5 /* Build configuration list for PBXNativeTarget "Reviewer" */;
			buildPhases = (
				85241BE06C25ED5003B4052E /* 📦 Check Pods Manifest.lock */,
				C0CF0C661CFE296100F4E9C5 /* Sources */,
				C0CF0C671CFE296100F4E9C5 /* Frameworks */,
				C0CF0C681CFE296100F4E9C5 /* Headers */,
				C0CF0C691CFE296100F4E9C5 /* Resources */,
				984265414A02D2AB53EF8B30 /* 📦 Copy Pods Resources */,
			);
			buildRules = (
			);
			dependencies = (
			);
			name = Reviewer;
			productName = Reviewer;
			productReference = C0CF0C6B1CFE296100F4E9C5 /* Reviewer.framework */;
			productType = "com.apple.product-type.framework";
		};
		C0CF0C741CFE296100F4E9C5 /* ReviewerTests */ = {
			isa = PBXNativeTarget;
			buildConfigurationList = C0CF0C821CFE296200F4E9C5 /* Build configuration list for PBXNativeTarget "ReviewerTests" */;
			buildPhases = (
				B0D036FB38F20BC064035A2B /* 📦 Check Pods Manifest.lock */,
				C0CF0C711CFE296100F4E9C5 /* Sources */,
				C0CF0C721CFE296100F4E9C5 /* Frameworks */,
				C0CF0C731CFE296100F4E9C5 /* Resources */,
				8F20358309B0BDFCD7982B56 /* 📦 Embed Pods Frameworks */,
				BEA95BEB597444C23A9AFE1A /* 📦 Copy Pods Resources */,
			);
			buildRules = (
			);
			dependencies = (
				C0CF0C781CFE296100F4E9C5 /* PBXTargetDependency */,
			);
			name = ReviewerTests;
			productName = ReviewerTests;
			productReference = C0CF0C751CFE296100F4E9C5 /* ReviewerTests.xctest */;
			productType = "com.apple.product-type.bundle.unit-test";
		};
/* End PBXNativeTarget section */

/* Begin PBXProject section */
		C0CF0C621CFE296100F4E9C5 /* Project object */ = {
			isa = PBXProject;
			attributes = {
				LastSwiftUpdateCheck = 0730;
				LastUpgradeCheck = 0730;
				ORGANIZATIONNAME = "Domenico Solazzo";
				TargetAttributes = {
					C0CF0C6A1CFE296100F4E9C5 = {
						CreatedOnToolsVersion = 7.3.1;
					};
					C0CF0C741CFE296100F4E9C5 = {
						CreatedOnToolsVersion = 7.3.1;
					};
				};
			};
			buildConfigurationList = C0CF0C651CFE296100F4E9C5 /* Build configuration list for PBXProject "Reviewer" */;
			compatibilityVersion = "Xcode 3.2";
			developmentRegion = English;
			hasScannedForEncodings = 0;
			knownRegions = (
				en,
			);
			mainGroup = C0CF0C611CFE296100F4E9C5;
			productRefGroup = C0CF0C6C1CFE296100F4E9C5 /* Products */;
			projectDirPath = "";
			projectRoot = "";
			targets = (
				C0CF0C6A1CFE296100F4E9C5 /* Reviewer */,
				C0CF0C741CFE296100F4E9C5 /* ReviewerTests */,
			);
		};
/* End PBXProject section */

/* Begin PBXResourcesBuildPhase section */
		C0CF0C691CFE296100F4E9C5 /* Resources */ = {
			isa = PBXResourcesBuildPhase;
			buildActionMask = 2147483647;
			files = (
			);
			runOnlyForDeploymentPostprocessing = 0;
		};
		C0CF0C731CFE296100F4E9C5 /* Resources */ = {
			isa = PBXResourcesBuildPhase;
			buildActionMask = 2147483647;
			files = (
			);
			runOnlyForDeploymentPostprocessing = 0;
		};
/* End PBXResourcesBuildPhase section */

/* Begin PBXShellScriptBuildPhase section */
		85241BE06C25ED5003B4052E /* 📦 Check Pods Manifest.lock */ = {
			isa = PBXShellScriptBuildPhase;
			buildActionMask = 2147483647;
			files = (
			);
			inputPaths = (
			);
			name = "📦 Check Pods Manifest.lock";
			outputPaths = (
			);
			runOnlyForDeploymentPostprocessing = 0;
			shellPath = /bin/sh;
			shellScript = "diff \"${PODS_ROOT}/../Podfile.lock\" \"${PODS_ROOT}/Manifest.lock\" > /dev/null\nif [[ $? != 0 ]] ; then\n    cat << EOM\nerror: The sandbox is not in sync with the Podfile.lock. Run 'pod install' or update your CocoaPods installation.\nEOM\n    exit 1\nfi\n";
			showEnvVarsInLog = 0;
		};
		8F20358309B0BDFCD7982B56 /* 📦 Embed Pods Frameworks */ = {
			isa = PBXShellScriptBuildPhase;
			buildActionMask = 2147483647;
			files = (
			);
			inputPaths = (
			);
			name = "📦 Embed Pods Frameworks";
			outputPaths = (
			);
			runOnlyForDeploymentPostprocessing = 0;
			shellPath = /bin/sh;
			shellScript = "\"${SRCROOT}/Pods/Target Support Files/Pods-ReviewerTests/Pods-ReviewerTests-frameworks.sh\"\n";
			showEnvVarsInLog = 0;
		};
		984265414A02D2AB53EF8B30 /* 📦 Copy Pods Resources */ = {
			isa = PBXShellScriptBuildPhase;
			buildActionMask = 2147483647;
			files = (
			);
			inputPaths = (
			);
			name = "📦 Copy Pods Resources";
			outputPaths = (
			);
			runOnlyForDeploymentPostprocessing = 0;
			shellPath = /bin/sh;
			shellScript = "\"${SRCROOT}/Pods/Target Support Files/Pods-Reviewer/Pods-Reviewer-resources.sh\"\n";
			showEnvVarsInLog = 0;
		};
		B0D036FB38F20BC064035A2B /* 📦 Check Pods Manifest.lock */ = {
			isa = PBXShellScriptBuildPhase;
			buildActionMask = 2147483647;
			files = (
			);
			inputPaths = (
			);
			name = "📦 Check Pods Manifest.lock";
			outputPaths = (
			);
			runOnlyForDeploymentPostprocessing = 0;
			shellPath = /bin/sh;
			shellScript = "diff \"${PODS_ROOT}/../Podfile.lock\" \"${PODS_ROOT}/Manifest.lock\" > /dev/null\nif [[ $? != 0 ]] ; then\n    cat << EOM\nerror: The sandbox is not in sync with the Podfile.lock. Run 'pod install' or update your CocoaPods installation.\nEOM\n    exit 1\nfi\n";
			showEnvVarsInLog = 0;
		};
		BEA95BEB597444C23A9AFE1A /* 📦 Copy Pods Resources */ = {
			isa = PBXShellScriptBuildPhase;
			buildActionMask = 2147483647;
			files = (
			);
			inputPaths = (
			);
			name = "📦 Copy Pods Resources";
			outputPaths = (
			);
			runOnlyForDeploymentPostprocessing = 0;
			shellPath = /bin/sh;
			shellScript = "\"${SRCROOT}/Pods/Target Support Files/Pods-ReviewerTests/Pods-ReviewerTests-resources.sh\"\n";
			showEnvVarsInLog = 0;
		};
/* End PBXShellScriptBuildPhase section */

/* Begin PBXSourcesBuildPhase section */
		C0CF0C661CFE296100F4E9C5 /* Sources */ = {
			isa = PBXSourcesBuildPhase;
			buildActionMask = 2147483647;
			files = (
			);
			runOnlyForDeploymentPostprocessing = 0;
		};
		C0CF0C711CFE296100F4E9C5 /* Sources */ = {
			isa = PBXSourcesBuildPhase;
			buildActionMask = 2147483647;
			files = (
				C0CF0C7B1CFE296100F4E9C5 /* ReviewerTests.swift in Sources */,
			);
			runOnlyForDeploymentPostprocessing = 0;
		};
/* End PBXSourcesBuildPhase section */

/* Begin PBXTargetDependency section */
		C0CF0C781CFE296100F4E9C5 /* PBXTargetDependency */ = {
			isa = PBXTargetDependency;
			target = C0CF0C6A1CFE296100F4E9C5 /* Reviewer */;
			targetProxy = C0CF0C771CFE296100F4E9C5 /* PBXContainerItemProxy */;
		};
/* End PBXTargetDependency section */

/* Begin XCBuildConfiguration section */
		C0CF0C7D1CFE296100F4E9C5 /* Debug */ = {
			isa = XCBuildConfiguration;
			buildSettings = {
				ALWAYS_SEARCH_USER_PATHS = NO;
				CLANG_ANALYZER_NONNULL = YES;
				CLANG_CXX_LANGUAGE_STANDARD = "gnu++0x";
				CLANG_CXX_LIBRARY = "libc++";
				CLANG_ENABLE_MODULES = YES;
				CLANG_ENABLE_OBJC_ARC = YES;
				CLANG_WARN_BOOL_CONVERSION = YES;
				CLANG_WARN_CONSTANT_CONVERSION = YES;
				CLANG_WARN_DIRECT_OBJC_ISA_USAGE = YES_ERROR;
				CLANG_WARN_EMPTY_BODY = YES;
				CLANG_WARN_ENUM_CONVERSION = YES;
				CLANG_WARN_INT_CONVERSION = YES;
				CLANG_WARN_OBJC_ROOT_CLASS = YES_ERROR;
				CLANG_WARN_UNREACHABLE_CODE = YES;
				CLANG_WARN__DUPLICATE_METHOD_MATCH = YES;
				"CODE_SIGN_IDENTITY[sdk=iphoneos*]" = "iPhone Developer";
				COPY_PHASE_STRIP = NO;
				CURRENT_PROJECT_VERSION = 1;
				DEBUG_INFORMATION_FORMAT = dwarf;
				ENABLE_STRICT_OBJC_MSGSEND = YES;
				ENABLE_TESTABILITY = YES;
				GCC_C_LANGUAGE_STANDARD = gnu99;
				GCC_DYNAMIC_NO_PIC = NO;
				GCC_NO_COMMON_BLOCKS = YES;
				GCC_OPTIMIZATION_LEVEL = 0;
				GCC_PREPROCESSOR_DEFINITIONS = (
					"DEBUG=1",
					"$(inherited)",
				);
				GCC_WARN_64_TO_32_BIT_CONVERSION = YES;
				GCC_WARN_ABOUT_RETURN_TYPE = YES_ERROR;
				GCC_WARN_UNDECLARED_SELECTOR = YES;
				GCC_WARN_UNINITIALIZED_AUTOS = YES_AGGRESSIVE;
				GCC_WARN_UNUSED_FUNCTION = YES;
				GCC_WARN_UNUSED_VARIABLE = YES;
				IPHONEOS_DEPLOYMENT_TARGET = 9.3;
				MTL_ENABLE_DEBUG_INFO = YES;
				ONLY_ACTIVE_ARCH = YES;
				SDKROOT = iphoneos;
				SWIFT_OPTIMIZATION_LEVEL = "-Onone";
				TARGETED_DEVICE_FAMILY = "1,2";
				VERSIONING_SYSTEM = "apple-generic";
				VERSION_INFO_PREFIX = "";
			};
			name = Debug;
		};
		C0CF0C7E1CFE296100F4E9C5 /* Release */ = {
			isa = XCBuildConfiguration;
			buildSettings = {
				ALWAYS_SEARCH_USER_PATHS = NO;
				CLANG_ANALYZER_NONNULL = YES;
				CLANG_CXX_LANGUAGE_STANDARD = "gnu++0x";
				CLANG_CXX_LIBRARY = "libc++";
				CLANG_ENABLE_MODULES = YES;
				CLANG_ENABLE_OBJC_ARC = YES;
				CLANG_WARN_BOOL_CONVERSION = YES;
				CLANG_WARN_CONSTANT_CONVERSION = YES;
				CLANG_WARN_DIRECT_OBJC_ISA_USAGE = YES_ERROR;
				CLANG_WARN_EMPTY_BODY = YES;
				CLANG_WARN_ENUM_CONVERSION = YES;
				CLANG_WARN_INT_CONVERSION = YES;
				CLANG_WARN_OBJC_ROOT_CLASS = YES_ERROR;
				CLANG_WARN_UNREACHABLE_CODE = YES;
				CLANG_WARN__DUPLICATE_METHOD_MATCH = YES;
				"CODE_SIGN_IDENTITY[sdk=iphoneos*]" = "iPhone Developer";
				COPY_PHASE_STRIP = NO;
				CURRENT_PROJECT_VERSION = 1;
				DEBUG_INFORMATION_FORMAT = "dwarf-with-dsym";
				ENABLE_NS_ASSERTIONS = NO;
				ENABLE_STRICT_OBJC_MSGSEND = YES;
				GCC_C_LANGUAGE_STANDARD = gnu99;
				GCC_NO_COMMON_BLOCKS = YES;
				GCC_WARN_64_TO_32_BIT_CONVERSION = YES;
				GCC_WARN_ABOUT_RETURN_TYPE = YES_ERROR;
				GCC_WARN_UNDECLARED_SELECTOR = YES;
				GCC_WARN_UNINITIALIZED_AUTOS = YES_AGGRESSIVE;
				GCC_WARN_UNUSED_FUNCTION = YES;
				GCC_WARN_UNUSED_VARIABLE = YES;
				IPHONEOS_DEPLOYMENT_TARGET = 9.3;
				MTL_ENABLE_DEBUG_INFO = NO;
				SDKROOT = iphoneos;
				TARGETED_DEVICE_FAMILY = "1,2";
				VALIDATE_PRODUCT = YES;
				VERSIONING_SYSTEM = "apple-generic";
				VERSION_INFO_PREFIX = "";
			};
			name = Release;
		};
		C0CF0C801CFE296200F4E9C5 /* Debug */ = {
			isa = XCBuildConfiguration;
			baseConfigurationReference = 0356FF04E3168633E1F22CFB /* Pods-Reviewer.debug.xcconfig */;
			buildSettings = {
				DEFINES_MODULE = YES;
				DYLIB_COMPATIBILITY_VERSION = 1;
				DYLIB_CURRENT_VERSION = 1;
				DYLIB_INSTALL_NAME_BASE = "@rpath";
				INFOPLIST_FILE = Reviewer/Info.plist;
				INSTALL_PATH = "$(LOCAL_LIBRARY_DIR)/Frameworks";
				LD_RUNPATH_SEARCH_PATHS = "$(inherited) @executable_path/Frameworks @loader_path/Frameworks";
				PRODUCT_BUNDLE_IDENTIFIER = com.domenicosolazzo.swift.Reviewer;
				PRODUCT_NAME = "$(TARGET_NAME)";
				SKIP_INSTALL = YES;
			};
			name = Debug;
		};
		C0CF0C811CFE296200F4E9C5 /* Release */ = {
			isa = XCBuildConfiguration;
			baseConfigurationReference = 5C87771F81E62D71EC46A13E /* Pods-Reviewer.release.xcconfig */;
			buildSettings = {
				DEFINES_MODULE = YES;
				DYLIB_COMPATIBILITY_VERSION = 1;
				DYLIB_CURRENT_VERSION = 1;
				DYLIB_INSTALL_NAME_BASE = "@rpath";
				INFOPLIST_FILE = Reviewer/Info.plist;
				INSTALL_PATH = "$(LOCAL_LIBRARY_DIR)/Frameworks";
				LD_RUNPATH_SEARCH_PATHS = "$(inherited) @executable_path/Frameworks @loader_path/Frameworks";
				PRODUCT_BUNDLE_IDENTIFIER = com.domenicosolazzo.swift.Reviewer;
				PRODUCT_NAME = "$(TARGET_NAME)";
				SKIP_INSTALL = YES;
			};
			name = Release;
		};
		C0CF0C831CFE296200F4E9C5 /* Debug */ = {
			isa = XCBuildConfiguration;
			baseConfigurationReference = 74B3451E0FC870ADDED41007 /* Pods-ReviewerTests.debug.xcconfig */;
			buildSettings = {
				INFOPLIST_FILE = ReviewerTests/Info.plist;
				LD_RUNPATH_SEARCH_PATHS = "$(inherited) @executable_path/Frameworks @loader_path/Frameworks";
				PRODUCT_BUNDLE_IDENTIFIER = com.domenicosolazzo.swift.ReviewerTests;
				PRODUCT_NAME = "$(TARGET_NAME)";
			};
			name = Debug;
		};
		C0CF0C841CFE296200F4E9C5 /* Release */ = {
			isa = XCBuildConfiguration;
			baseConfigurationReference = 45970E3B5DD70DDB8615D417 /* Pods-ReviewerTests.release.xcconfig */;
			buildSettings = {
				INFOPLIST_FILE = ReviewerTests/Info.plist;
				LD_RUNPATH_SEARCH_PATHS = "$(inherited) @executable_path/Frameworks @loader_path/Frameworks";
				PRODUCT_BUNDLE_IDENTIFIER = com.domenicosolazzo.swift.ReviewerTests;
				PRODUCT_NAME = "$(TARGET_NAME)";
			};
			name = Release;
		};
/* End XCBuildConfiguration section */

/* Begin XCConfigurationList section */
		C0CF0C651CFE296100F4E9C5 /* Build configuration list for PBXProject "Reviewer" */ = {
			isa = XCConfigurationList;
			buildConfigurations = (
				C0CF0C7D1CFE296100F4E9C5 /* Debug */,
				C0CF0C7E1CFE296100F4E9C5 /* Release */,
			);
			defaultConfigurationIsVisible = 0;
			defaultConfigurationName = Release;
		};
		C0CF0C7F1CFE296200F4E9C5 /* Build configuration list for PBXNativeTarget "Reviewer" */ = {
			isa = XCConfigurationList;
			buildConfigurations = (
				C0CF0C801CFE296200F4E9C5 /* Debug */,
				C0CF0C811CFE296200F4E9C5 /* Release */,
			);
			defaultConfigurationIsVisible = 0;
			defaultConfigurationName = Release;
		};
		C0CF0C821CFE296200F4E9C5 /* Build configuration list for PBXNativeTarget "ReviewerTests" */ = {
			isa = XCConfigurationList;
			buildConfigurations = (
				C0CF0C831CFE296200F4E9C5 /* Debug */,
				C0CF0C841CFE296200F4E9C5 /* Release */,
			);
			defaultConfigurationIsVisible = 0;
			defaultConfigurationName = Release;
		};
/* End XCConfigurationList section */
	};
	rootObject = C0CF0C621CFE296100F4E9C5 /* Project object */;
}
